{
  "name": "scrape",
  "version": "1.0.0",
  "lockfileVersion": 1,
  "requires": true,
  "dependencies": {
    "@hocuspocus/common": {
      "version": "1.0.0-alpha.11",
      "resolved": "https://registry.npmjs.org/@hocuspocus/common/-/common-1.0.0-alpha.11.tgz",
      "integrity": "sha512-oOddSLUTr8KrC58KSs5YHzr99ZSI4HZdIkYRoqmrusViF8M850uLXgYce7eG7Xaq4KlvXCSDG+wioQRTFXkCaA==",
      "requires": {
        "lib0": "^0.2.47"
      }
    },
    "@hocuspocus/server": {
      "version": "1.0.0-alpha.104",
      "resolved": "https://registry.npmjs.org/@hocuspocus/server/-/server-1.0.0-alpha.104.tgz",
      "integrity": "sha512-H+9Lt2ljsCzeS4gmJDlB/jrzuX0v5eZCRrTcZ4HoY8K65pBAl09seDGi3nbWjPRVsNnNzuhD9bKrAEb+5Ahjvg==",
      "requires": {
        "@hocuspocus/common": "^1.0.0-alpha.11",
        "@types/async-lock": "^1.1.3",
        "@types/uuid": "^8.3.4",
        "@types/ws": "^8.5.3",
        "async-lock": "^1.3.1",
        "kleur": "^4.1.4",
        "lib0": "^0.2.46",
        "uuid": "^8.3.2",
        "ws": "^8.5.0",
        "y-protocols": "^1.0.5",
        "yjs": "^13.5.29"
      }
    },
    "@types/async-lock": {
      "version": "1.1.5",
      "resolved": "https://registry.npmjs.org/@types/async-lock/-/async-lock-1.1.5.tgz",
      "integrity": "sha512-A9ClUfmj6wwZMLRz0NaYzb98YH1exlHdf/cdDSKBfMQJnPOdO8xlEW0Eh2QsTTntGzOFWURcEjYElkZ1IY4GCQ=="
    },
    "@types/node": {
      "version": "18.7.6",
      "resolved": "https://registry.npmjs.org/@types/node/-/node-18.7.6.tgz",
      "integrity": "sha512-EdxgKRXgYsNITy5mjjXjVE/CS8YENSdhiagGrLqjG0pvA2owgJ6i4l7wy/PFZGC0B1/H20lWKN7ONVDNYDZm7A=="
    },
    "@types/uuid": {
      "version": "8.3.4",
      "resolved": "https://registry.npmjs.org/@types/uuid/-/uuid-8.3.4.tgz",
      "integrity": "sha512-c/I8ZRb51j+pYGAu5CrFMRxqZ2ke4y2grEBO5AUjgSkSk+qT2Ea+OdWElz/OiMf5MNpn2b17kuVBwZLQJXzihw=="
    },
    "@types/ws": {
      "version": "8.5.3",
      "resolved": "https://registry.npmjs.org/@types/ws/-/ws-8.5.3.tgz",
      "integrity": "sha512-6YOoWjruKj1uLf3INHH7D3qTXwFfEsg1kf3c0uDdSBJwfa/llkwIjrAGV7j7mVgGNbzTQ3HiHKKDXl6bJPD97w==",
      "requires": {
        "@types/node": "*"
      }
    },
    "async-lock": {
      "version": "1.3.2",
      "resolved": "https://registry.npmjs.org/async-lock/-/async-lock-1.3.2.tgz",
      "integrity": "sha512-phnXdS3RP7PPcmP6NWWzWMU0sLTeyvtZCxBPpZdkYE3seGLKSQZs9FrmVO/qwypq98FUtWWUEYxziLkdGk5nnA=="
    },
    "isomorphic.js": {
      "version": "0.2.5",
      "resolved": "https://registry.npmjs.org/isomorphic.js/-/isomorphic.js-0.2.5.tgz",
      "integrity": "sha512-PIeMbHqMt4DnUP3MA/Flc0HElYjMXArsw1qwJZcm9sqR8mq3l8NYizFMty0pWwE/tzIGH3EKK5+jes5mAr85yw=="
    },
    "kleur": {
      "version": "4.1.5",
      "resolved": "https://registry.npmjs.org/kleur/-/kleur-4.1.5.tgz",
      "integrity": "sha512-o+NO+8WrRiQEE4/7nwRJhN1HWpVmJm511pBHUxPLtp0BUISzlBplORYSmTclCnJvQq2tKu/sgl3xVpkc7ZWuQQ=="
    },
    "lib0": {
      "version": "0.2.52",
      "resolved": "https://registry.npmjs.org/lib0/-/lib0-0.2.52.tgz",
      "integrity": "sha512-CjxlM7UgICfN6b2OPALBXchIBiNk6jE+1g7JP8ha+dh1xKRDSYpH0WQl1+rMqCju49xUnwPG34v4CR5/rPOZhg==",
      "requires": {
        "isomorphic.js": "^0.2.4"
      }
    },
    "uuid": {
      "version": "8.3.2",
      "resolved": "https://registry.npmjs.org/uuid/-/uuid-8.3.2.tgz",
      "integrity": "sha512-+NYs2QeMWy+GWFOEm9xnn6HCDp0l7QBD7ml8zLUmJ+93Q5NF0NocErnwkTkXVFNiX3/fpC6afS8Dhb/gz7R7eg=="
    },
    "ws": {
      "version": "8.8.1",
      "resolved": "https://registry.npmjs.org/ws/-/ws-8.8.1.tgz",
      "integrity": "sha512-bGy2JzvzkPowEJV++hF07hAD6niYSr0JzBNo/J29WsB57A2r7Wlc1UFcTR9IzrPvuNVO4B8LGqF8qcpsVOhJCA=="
    },
    "y-protocols": {
      "version": "1.0.5",
      "resolved": "https://registry.npmjs.org/y-protocols/-/y-protocols-1.0.5.tgz",
      "integrity": "sha512-Wil92b7cGk712lRHDqS4T90IczF6RkcvCwAD0A2OPg+adKmOe+nOiT/N2hvpQIWS3zfjmtL4CPaH5sIW1Hkm/A==",
      "requires": {
        "lib0": "^0.2.42"
      }
    },
    "yjs": {
      "version": "13.5.41",
      "resolved": "https://registry.npmjs.org/yjs/-/yjs-13.5.41.tgz",
      "integrity": "sha512-4eSTrrs8OeI0heXKKioRY4ag7V5Bk85Z4MeniUyown3o3y0G7G4JpAZWrZWfTp7pzw2b53GkAQWKqHsHi9j9JA==",
      "requires": {
        "lib0": "^0.2.49"
      }
    }
  }
}
